// !$*UTF8*$!
{
	archiveVersion = 1;
	classes = {
	};
	objectVersion = 55;
	objects = {

/* Begin PBXBuildFile section */
		18256FDE289E7CAE0030C8BA /* ForecastPageViewController.swift in Sources */ = {isa = PBXBuildFile; fileRef = 18256FDD289E7CAE0030C8BA /* ForecastPageViewController.swift */; };
		18256FE0289E7D250030C8BA /* ForecastCell.swift in Sources */ = {isa = PBXBuildFile; fileRef = 18256FDF289E7D250030C8BA /* ForecastCell.swift */; };
		18256FE2289FC00B0030C8BA /* UIImageExtension.swift in Sources */ = {isa = PBXBuildFile; fileRef = 18256FE1289FC00A0030C8BA /* UIImageExtension.swift */; };
		185E0C222895714C008B9891 /* AppDelegate.swift in Sources */ = {isa = PBXBuildFile; fileRef = 185E0C212895714C008B9891 /* AppDelegate.swift */; };
		185E0C242895714C008B9891 /* SceneDelegate.swift in Sources */ = {isa = PBXBuildFile; fileRef = 185E0C232895714C008B9891 /* SceneDelegate.swift */; };
		185E0C262895714C008B9891 /* ViewController.swift in Sources */ = {isa = PBXBuildFile; fileRef = 185E0C252895714C008B9891 /* ViewController.swift */; };
		185E0C292895714C008B9891 /* Main.storyboard in Resources */ = {isa = PBXBuildFile; fileRef = 185E0C272895714C008B9891 /* Main.storyboard */; };
		185E0C2B28957152008B9891 /* Assets.xcassets in Resources */ = {isa = PBXBuildFile; fileRef = 185E0C2A28957152008B9891 /* Assets.xcassets */; };
		185E0C2E28957152008B9891 /* LaunchScreen.storyboard in Resources */ = {isa = PBXBuildFile; fileRef = 185E0C2C28957152008B9891 /* LaunchScreen.storyboard */; };
		185E0C3628957660008B9891 /* TodayWeatherViewController.swift in Sources */ = {isa = PBXBuildFile; fileRef = 185E0C3528957660008B9891 /* TodayWeatherViewController.swift */; };
		185E0C3828966BE7008B9891 /* WeatherRequest.swift in Sources */ = {isa = PBXBuildFile; fileRef = 185E0C3728966BE6008B9891 /* WeatherRequest.swift */; };
		185E0C5E28984F80008B9891 /* WeatherManager.swift in Sources */ = {isa = PBXBuildFile; fileRef = 185E0C5D28984F80008B9891 /* WeatherManager.swift */; };
/* End PBXBuildFile section */

/* Begin PBXFileReference section */
		18256FDD289E7CAE0030C8BA /* ForecastPageViewController.swift */ = {isa = PBXFileReference; lastKnownFileType = sourcecode.swift; path = ForecastPageViewController.swift; sourceTree = "<group>"; };
		18256FDF289E7D250030C8BA /* ForecastCell.swift */ = {isa = PBXFileReference; lastKnownFileType = sourcecode.swift; path = ForecastCell.swift; sourceTree = "<group>"; };
		18256FE1289FC00A0030C8BA /* UIImageExtension.swift */ = {isa = PBXFileReference; lastKnownFileType = sourcecode.swift; path = UIImageExtension.swift; sourceTree = "<group>"; };
		185E0C1E2895714C008B9891 /* WeatherApp.app */ = {isa = PBXFileReference; explicitFileType = wrapper.application; includeInIndex = 0; path = WeatherApp.app; sourceTree = BUILT_PRODUCTS_DIR; };
		185E0C212895714C008B9891 /* AppDelegate.swift */ = {isa = PBXFileReference; lastKnownFileType = sourcecode.swift; path = AppDelegate.swift; sourceTree = "<group>"; };
		185E0C232895714C008B9891 /* SceneDelegate.swift */ = {isa = PBXFileReference; lastKnownFileType = sourcecode.swift; path = SceneDelegate.swift; sourceTree = "<group>"; };
		185E0C252895714C008B9891 /* ViewController.swift */ = {isa = PBXFileReference; lastKnownFileType = sourcecode.swift; path = ViewController.swift; sourceTree = "<group>"; };
		185E0C282895714C008B9891 /* Base */ = {isa = PBXFileReference; lastKnownFileType = file.storyboard; name = Base; path = Base.lproj/Main.storyboard; sourceTree = "<group>"; };
		185E0C2A28957152008B9891 /* Assets.xcassets */ = {isa = PBXFileReference; lastKnownFileType = folder.assetcatalog; path = Assets.xcassets; sourceTree = "<group>"; };
		185E0C2D28957152008B9891 /* Base */ = {isa = PBXFileReference; lastKnownFileType = file.storyboard; name = Base; path = Base.lproj/LaunchScreen.storyboard; sourceTree = "<group>"; };
		185E0C2F28957152008B9891 /* Info.plist */ = {isa = PBXFileReference; lastKnownFileType = text.plist.xml; path = Info.plist; sourceTree = "<group>"; };
		185E0C3528957660008B9891 /* TodayWeatherViewController.swift */ = {isa = PBXFileReference; lastKnownFileType = sourcecode.swift; path = TodayWeatherViewController.swift; sourceTree = "<group>"; };
		185E0C3728966BE6008B9891 /* WeatherRequest.swift */ = {isa = PBXFileReference; lastKnownFileType = sourcecode.swift; path = WeatherRequest.swift; sourceTree = "<group>"; };
		185E0C5D28984F80008B9891 /* WeatherManager.swift */ = {isa = PBXFileReference; lastKnownFileType = sourcecode.swift; path = WeatherManager.swift; sourceTree = "<group>"; };
/* End PBXFileReference section */

/* Begin PBXFrameworksBuildPhase section */
		185E0C1B2895714C008B9891 /* Frameworks */ = {
			isa = PBXFrameworksBuildPhase;
			buildActionMask = 2147483647;
			files = (
			);
			runOnlyForDeploymentPostprocessing = 0;
		};
/* End PBXFrameworksBuildPhase section */

/* Begin PBXGroup section */
		18256FE5289FDDA10030C8BA /* extensions */ = {
			isa = PBXGroup;
			children = (
				18256FE1289FC00A0030C8BA /* UIImageExtension.swift */,
			);
			path = extensions;
			sourceTree = "<group>";
		};
		1836C7D2289C03CE0009A449 /* Controllers */ = {
			isa = PBXGroup;
			children = (
				1836C7D5289C045B0009A449 /* Cell */,
				185E0C3528957660008B9891 /* TodayWeatherViewController.swift */,
				18256FDD289E7CAE0030C8BA /* ForecastPageViewController.swift */,
			);
			path = Controllers;
			sourceTree = "<group>";
		};
		1836C7D3289C03E90009A449 /* Model */ = {
			isa = PBXGroup;
			children = (
				185E0C3728966BE6008B9891 /* WeatherRequest.swift */,
			);
			path = Model;
			sourceTree = "<group>";
		};
		1836C7D4289C04400009A449 /* Network */ = {
			isa = PBXGroup;
			children = (
				185E0C5D28984F80008B9891 /* WeatherManager.swift */,
			);
			path = Network;
			sourceTree = "<group>";
		};
		1836C7D5289C045B0009A449 /* Cell */ = {
			isa = PBXGroup;
			children = (
				18256FDF289E7D250030C8BA /* ForecastCell.swift */,
			);
			path = Cell;
			sourceTree = "<group>";
		};
		185E0C152895714C008B9891 = {
			isa = PBXGroup;
			children = (
				185E0C202895714C008B9891 /* WeatherApp */,
				185E0C1F2895714C008B9891 /* Products */,
			);
			sourceTree = "<group>";
		};
		185E0C1F2895714C008B9891 /* Products */ = {
			isa = PBXGroup;
			children = (
				185E0C1E2895714C008B9891 /* WeatherApp.app */,
			);
			name = Products;
			sourceTree = "<group>";
		};
		185E0C202895714C008B9891 /* WeatherApp */ = {
			isa = PBXGroup;
			children = (
				18256FE5289FDDA10030C8BA /* extensions */,
				1836C7D3289C03E90009A449 /* Model */,
				1836C7D4289C04400009A449 /* Network */,
				1836C7D2289C03CE0009A449 /* Controllers */,
				185E0C212895714C008B9891 /* AppDelegate.swift */,
				185E0C232895714C008B9891 /* SceneDelegate.swift */,
				185E0C252895714C008B9891 /* ViewController.swift */,
				185E0C272895714C008B9891 /* Main.storyboard */,
				185E0C2A28957152008B9891 /* Assets.xcassets */,
				185E0C2C28957152008B9891 /* LaunchScreen.storyboard */,
				185E0C2F28957152008B9891 /* Info.plist */,
			);
			path = WeatherApp;
			sourceTree = "<group>";
		};
/* End PBXGroup section */

/* Begin PBXNativeTarget section */
		185E0C1D2895714C008B9891 /* WeatherApp */ = {
			isa = PBXNativeTarget;
			buildConfigurationList = 185E0C3228957152008B9891 /* Build configuration list for PBXNativeTarget "WeatherApp" */;
			buildPhases = (
				185E0C1A2895714C008B9891 /* Sources */,
				185E0C1B2895714C008B9891 /* Frameworks */,
				185E0C1C2895714C008B9891 /* Resources */,
			);
			buildRules = (
			);
			dependencies = (
			);
			name = WeatherApp;
			productName = WeatherApp;
			productReference = 185E0C1E2895714C008B9891 /* WeatherApp.app */;
			productType = "com.apple.product-type.application";
		};
/* End PBXNativeTarget section */

/* Begin PBXProject section */
		185E0C162895714C008B9891 /* Project object */ = {
			isa = PBXProject;
			attributes = {
				BuildIndependentTargetsInParallel = 1;
				LastSwiftUpdateCheck = 1340;
				LastUpgradeCheck = 1340;
				TargetAttributes = {
					185E0C1D2895714C008B9891 = {
						CreatedOnToolsVersion = 13.4.1;
					};
				};
			};
			buildConfigurationList = 185E0C192895714C008B9891 /* Build configuration list for PBXProject "WeatherApp" */;
			compatibilityVersion = "Xcode 13.0";
			developmentRegion = en;
			hasScannedForEncodings = 0;
			knownRegions = (
				en,
				Base,
			);
			mainGroup = 185E0C152895714C008B9891;
			productRefGroup = 185E0C1F2895714C008B9891 /* Products */;
			projectDirPath = "";
			projectRoot = "";
			targets = (
				185E0C1D2895714C008B9891 /* WeatherApp */,
			);
		};
/* End PBXProject section */

/* Begin PBXResourcesBuildPhase section */
		185E0C1C2895714C008B9891 /* Resources */ = {
			isa = PBXResourcesBuildPhase;
			buildActionMask = 2147483647;
			files = (
				185E0C2E28957152008B9891 /* LaunchScreen.storyboard in Resources */,
				185E0C2B28957152008B9891 /* Assets.xcassets in Resources */,
				185E0C292895714C008B9891 /* Main.storyboard in Resources */,
			);
			runOnlyForDeploymentPostprocessing = 0;
		};
/* End PBXResourcesBuildPhase section */

/* Begin PBXSourcesBuildPhase section */
		185E0C1A2895714C008B9891 /* Sources */ = {
			isa = PBXSourcesBuildPhase;
			buildActionMask = 2147483647;
			files = (
				18256FE0289E7D250030C8BA /* ForecastCell.swift in Sources */,
				185E0C5E28984F80008B9891 /* WeatherManager.swift in Sources */,
				185E0C262895714C008B9891 /* ViewController.swift in Sources */,
				185E0C222895714C008B9891 /* AppDelegate.swift in Sources */,
				185E0C3628957660008B9891 /* TodayWeatherViewController.swift in Sources */,
				18256FE2289FC00B0030C8BA /* UIImageExtension.swift in Sources */,
				18256FDE289E7CAE0030C8BA /* ForecastPageViewController.swift in Sources */,
				185E0C242895714C008B9891 /* SceneDelegate.swift in Sources */,
				185E0C3828966BE7008B9891 /* WeatherRequest.swift in Sources */,
			);
			runOnlyForDeploymentPostprocessing = 0;
		};
/* End PBXSourcesBuildPhase section */

/* Begin PBXVariantGroup section */
		185E0C272895714C008B9891 /* Main.storyboard */ = {
			isa = PBXVariantGroup;
			children = (
				185E0C282895714C008B9891 /* Base */,
			);
			name = Main.storyboard;
			sourceTree = "<group>";
		};
		185E0C2C28957152008B9891 /* LaunchScreen.storyboard */ = {
			isa = PBXVariantGroup;
			children = (
				185E0C2D28957152008B9891 /* Base */,
			);
			name = LaunchScreen.storyboard;
			sourceTree = "<group>";
		};
/* End PBXVariantGroup section */

/* Begin XCBuildConfiguration section */
		185E0C3028957152008B9891 /* Debug */ = {
			isa = XCBuildConfiguration;
			buildSettings = {
				ALWAYS_SEARCH_USER_PATHS = NO;
				CLANG_ANALYZER_NONNULL = YES;
				CLANG_ANALYZER_NUMBER_OBJECT_CONVERSION = YES_AGGRESSIVE;
				CLANG_CXX_LANGUAGE_STANDARD = "gnu++17";
				CLANG_ENABLE_MODULES = YES;
				CLANG_ENABLE_OBJC_ARC = YES;
				CLANG_ENABLE_OBJC_WEAK = YES;
				CLANG_WARN_BLOCK_CAPTURE_AUTORELEASING = YES;
				CLANG_WARN_BOOL_CONVERSION = YES;
				CLANG_WARN_COMMA = YES;
				CLANG_WARN_CONSTANT_CONVERSION = YES;
				CLANG_WARN_DEPRECATED_OBJC_IMPLEMENTATIONS = YES;
				CLANG_WARN_DIRECT_OBJC_ISA_USAGE = YES_ERROR;
				CLANG_WARN_DOCUMENTATION_COMMENTS = YES;
				CLANG_WARN_EMPTY_BODY = YES;
				CLANG_WARN_ENUM_CONVERSION = YES;
				CLANG_WARN_INFINITE_RECURSION = YES;
				CLANG_WARN_INT_CONVERSION = YES;
				CLANG_WARN_NON_LITERAL_NULL_CONVERSION = YES;
				CLANG_WARN_OBJC_IMPLICIT_RETAIN_SELF = YES;
				CLANG_WARN_OBJC_LITERAL_CONVERSION = YES;
				CLANG_WARN_OBJC_ROOT_CLASS = YES_ERROR;
				CLANG_WARN_QUOTED_INCLUDE_IN_FRAMEWORK_HEADER = YES;
				CLANG_WARN_RANGE_LOOP_ANALYSIS = YES;
				CLANG_WARN_STRICT_PROTOTYPES = YES;
				CLANG_WARN_SUSPICIOUS_MOVE = YES;
				CLANG_WARN_UNGUARDED_AVAILABILITY = YES_AGGRESSIVE;
				CLANG_WARN_UNREACHABLE_CODE = YES;
				CLANG_WARN__DUPLICATE_METHOD_MATCH = YES;
				COPY_PHASE_STRIP = NO;
				DEBUG_INFORMATION_FORMAT = dwarf;
				ENABLE_STRICT_OBJC_MSGSEND = YES;
				ENABLE_TESTABILITY = YES;
				GCC_C_LANGUAGE_STANDARD = gnu11;
				GCC_DYNAMIC_NO_PIC = NO;
				GCC_NO_COMMON_BLOCKS = YES;
				GCC_OPTIMIZATION_LEVEL = 0;
				GCC_PREPROCESSOR_DEFINITIONS = (
					"DEBUG=1",
					"$(inherited)",
				);
				GCC_WARN_64_TO_32_BIT_CONVERSION = YES;
				GCC_WARN_ABOUT_RETURN_TYPE = YES_ERROR;
				GCC_WARN_UNDECLARED_SELECTOR = YES;
				GCC_WARN_UNINITIALIZED_AUTOS = YES_AGGRESSIVE;
				GCC_WARN_UNUSED_FUNCTION = YES;
				GCC_WARN_UNUSED_VARIABLE = YES;
				IPHONEOS_DEPLOYMENT_TARGET = 15.5;
				MTL_ENABLE_DEBUG_INFO = INCLUDE_SOURCE;
				MTL_FAST_MATH = YES;
				ONLY_ACTIVE_ARCH = YES;
				SDKROOT = iphoneos;
				SWIFT_ACTIVE_COMPILATION_CONDITIONS = DEBUG;
				SWIFT_OPTIMIZATION_LEVEL = "-Onone";
			};
			name = Debug;
		};
		185E0C3128957152008B9891 /* Release */ = {
			isa = XCBuildConfiguration;
			buildSettings = {
				ALWAYS_SEARCH_USER_PATHS = NO;
				CLANG_ANALYZER_NONNULL = YES;
				CLANG_ANALYZER_NUMBER_OBJECT_CONVERSION = YES_AGGRESSIVE;
				CLANG_CXX_LANGUAGE_STANDARD = "gnu++17";
				CLANG_ENABLE_MODULES = YES;
				CLANG_ENABLE_OBJC_ARC = YES;
				CLANG_ENABLE_OBJC_WEAK = YES;
				CLANG_WARN_BLOCK_CAPTURE_AUTORELEASING = YES;
				CLANG_WARN_BOOL_CONVERSION = YES;
				CLANG_WARN_COMMA = YES;
				CLANG_WARN_CONSTANT_CONVERSION = YES;
				CLANG_WARN_DEPRECATED_OBJC_IMPLEMENTATIONS = YES;
				CLANG_WARN_DIRECT_OBJC_ISA_USAGE = YES_ERROR;
				CLANG_WARN_DOCUMENTATION_COMMENTS = YES;
				CLANG_WARN_EMPTY_BODY = YES;
				CLANG_WARN_ENUM_CONVERSION = YES;
				CLANG_WARN_INFINITE_RECURSION = YES;
				CLANG_WARN_INT_CONVERSION = YES;
				CLANG_WARN_NON_LITERAL_NULL_CONVERSION = YES;
				CLANG_WARN_OBJC_IMPLICIT_RETAIN_SELF = YES;
				CLANG_WARN_OBJC_LITERAL_CONVERSION = YES;
				CLANG_WARN_OBJC_ROOT_CLASS = YES_ERROR;
				CLANG_WARN_QUOTED_INCLUDE_IN_FRAMEWORK_HEADER = YES;
				CLANG_WARN_RANGE_LOOP_ANALYSIS = YES;
				CLANG_WARN_STRICT_PROTOTYPES = YES;
				CLANG_WARN_SUSPICIOUS_MOVE = YES;
				CLANG_WARN_UNGUARDED_AVAILABILITY = YES_AGGRESSIVE;
				CLANG_WARN_UNREACHABLE_CODE = YES;
				CLANG_WARN__DUPLICATE_METHOD_MATCH = YES;
				COPY_PHASE_STRIP = NO;
				DEBUG_INFORMATION_FORMAT = "dwarf-with-dsym";
				ENABLE_NS_ASSERTIONS = NO;
				ENABLE_STRICT_OBJC_MSGSEND = YES;
				GCC_C_LANGUAGE_STANDARD = gnu11;
				GCC_NO_COMMON_BLOCKS = YES;
				GCC_WARN_64_TO_32_BIT_CONVERSION = YES;
				GCC_WARN_ABOUT_RETURN_TYPE = YES_ERROR;
				GCC_WARN_UNDECLARED_SELECTOR = YES;
				GCC_WARN_UNINITIALIZED_AUTOS = YES_AGGRESSIVE;
				GCC_WARN_UNUSED_FUNCTION = YES;
				GCC_WARN_UNUSED_VARIABLE = YES;
				IPHONEOS_DEPLOYMENT_TARGET = 15.5;
				MTL_ENABLE_DEBUG_INFO = NO;
				MTL_FAST_MATH = YES;
				SDKROOT = iphoneos;
				SWIFT_COMPILATION_MODE = wholemodule;
				SWIFT_OPTIMIZATION_LEVEL = "-O";
				VALIDATE_PRODUCT = YES;
			};
			name = Release;
		};
		185E0C3328957152008B9891 /* Debug */ = {
			isa = XCBuildConfiguration;
			buildSettings = {
				ASSETCATALOG_COMPILER_APPICON_NAME = AppIcon;
				ASSETCATALOG_COMPILER_GLOBAL_ACCENT_COLOR_NAME = AccentColor;
				CODE_SIGN_STYLE = Automatic;
				CURRENT_PROJECT_VERSION = 1;
				DEVELOPMENT_TEAM = 7768NS78KS;
				GENERATE_INFOPLIST_FILE = YES;
				INFOPLIST_FILE = WeatherApp/Info.plist;
				INFOPLIST_KEY_NSLocationWhenInUseUsageDescription = "We need your location to get the current weather for where you are.";
				INFOPLIST_KEY_UIApplicationSupportsIndirectInputEvents = YES;
				INFOPLIST_KEY_UILaunchStoryboardName = LaunchScreen;
				INFOPLIST_KEY_UIMainStoryboardFile = LaunchScreen;
				INFOPLIST_KEY_UISupportedInterfaceOrientations_iPad = "UIInterfaceOrientationPortrait UIInterfaceOrientationPortraitUpsideDown UIInterfaceOrientationLandscapeLeft UIInterfaceOrientationLandscapeRight";
				INFOPLIST_KEY_UISupportedInterfaceOrientations_iPhone = "UIInterfaceOrientationPortrait UIInterfaceOrientationLandscapeLeft UIInterfaceOrientationLandscapeRight";
				IPHONEOS_DEPLOYMENT_TARGET = 14.0;
				LD_RUNPATH_SEARCH_PATHS = (
					"$(inherited)",
					"@executable_path/Frameworks",
				);
				MARKETING_VERSION = 1.0;
				PRODUCT_BUNDLE_IDENTIFIER = com.tbcLectures.WeatherApp;
				PRODUCT_NAME = "$(TARGET_NAME)";
				SWIFT_EMIT_LOC_STRINGS = YES;
				SWIFT_VERSION = 5.0;
				TARGETED_DEVICE_FAMILY = "1,2";
			};
			name = Debug;
		};
		185E0C3428957152008B9891 /* Release */ = {
			isa = XCBuildConfiguration;
			buildSettings = {
				ASSETCATALOG_COMPILER_APPICON_NAME = AppIcon;
				ASSETCATALOG_COMPILER_GLOBAL_ACCENT_COLOR_NAME = AccentColor;
				CODE_SIGN_STYLE = Automatic;
				CURRENT_PROJECT_VERSION = 1;
				DEVELOPMENT_TEAM = 7768NS78KS;
				GENERATE_INFOPLIST_FILE = YES;
				INFOPLIST_FILE = WeatherApp/Info.plist;
				INFOPLIST_KEY_NSLocationWhenInUseUsageDescription = "We need your location to get the current weather for where you are.";
				INFOPLIST_KEY_UIApplicationSupportsIndirectInputEvents = YES;
				INFOPLIST_KEY_UILaunchStoryboardName = LaunchScreen;
				INFOPLIST_KEY_UIMainStoryboardFile = LaunchScreen;
				INFOPLIST_KEY_UISupportedInterfaceOrientations_iPad = "UIInterfaceOrientationPortrait UIInterfaceOrientationPortraitUpsideDown UIInterfaceOrientationLandscapeLeft UIInterfaceOrientationLandscapeRight";
				INFOPLIST_KEY_UISupportedInterfaceOrientations_iPhone = "UIInterfaceOrientationPortrait UIInterfaceOrientationLandscapeLeft UIInterfaceOrientationLandscapeRight";
				IPHONEOS_DEPLOYMENT_TARGET = 14.0;
				LD_RUNPATH_SEARCH_PATHS = (
					"$(inherited)",
					"@executable_path/Frameworks",
				);
				MARKETING_VERSION = 1.0;
				PRODUCT_BUNDLE_IDENTIFIER = com.tbcLectures.WeatherApp;
				PRODUCT_NAME = "$(TARGET_NAME)";
				SWIFT_EMIT_LOC_STRINGS = YES;
				SWIFT_VERSION = 5.0;
				TARGETED_DEVICE_FAMILY = "1,2";
			};
			name = Release;
		};
/* End XCBuildConfiguration section */

/* Begin XCConfigurationList section */
		185E0C192895714C008B9891 /* Build configuration list for PBXProject "WeatherApp" */ = {
			isa = XCConfigurationList;
			buildConfigurations = (
				185E0C3028957152008B9891 /* Debug */,
				185E0C3128957152008B9891 /* Release */,
			);
			defaultConfigurationIsVisible = 0;
			defaultConfigurationName = Release;
		};
		185E0C3228957152008B9891 /* Build configuration list for PBXNativeTarget "WeatherApp" */ = {
			isa = XCConfigurationList;
			buildConfigurations = (
				185E0C3328957152008B9891 /* Debug */,
				185E0C3428957152008B9891 /* Release */,
			);
			defaultConfigurationIsVisible = 0;
			defaultConfigurationName = Release;
		};
/* End XCConfigurationList section */
	};
	rootObject = 185E0C162895714C008B9891 /* Project object */;
}
